
Microsoft Visual Studio Solution File, Format Version 12.00
# Visual Studio Version 16
VisualStudioVersion = 16.0.32106.194
MinimumVisualStudioVersion = 10.0.40219.1
Project("{FAE04EC0-301F-11D3-BF4B-00C04F79EFBC}") = "Question1", "Question1\Question1.csproj", "{45A481F2-8E32-4501-B1BE-45A555F4AE37}"
EndProject
Project("{FAE04EC0-301F-11D3-BF4B-00C04F79EFBC}") = "Question1Tests", "Question1Tests\Question1Tests.csproj", "{838263BD-3346-4D27-A6FC-37B018D53AE4}"
EndProject
Global
	GlobalSection(SolutionConfigurationPlatforms) = preSolution
		Debug|Any CPU = Debug|Any CPU
		Release|Any CPU = Release|Any CPU
	EndGlobalSection
	GlobalSection(ProjectConfigurationPlatforms) = postSolution
		{45A481F2-8E32-4501-B1BE-45A555F4AE37}.Debug|Any CPU.ActiveCfg = Debug|Any CPU
		{45A481F2-8E32-4501-B1BE-45A555F4AE37}.Debug|Any CPU.Build.0 = Debug|Any CPU
		{45A481F2-8E32-4501-B1BE-45A555F4AE37}.Release|Any CPU.ActiveCfg = Release|Any CPU
		{45A481F2-8E32-4501-B1BE-45A555F4AE37}.Release|Any CPU.Build.0 = Release|Any CPU
		{838263BD-3346-4D27-A6FC-37B018D53AE4}.Debug|Any CPU.ActiveCfg = Debug|Any CPU
		{838263BD-3346-4D27-A6FC-37B018D53AE4}.Debug|Any CPU.Build.0 = Debug|Any CPU
		{838263BD-3346-4D27-A6FC-37B018D53AE4}.Release|Any CPU.ActiveCfg = Release|Any CPU
		{838263BD-3346-4D27-A6FC-37B018D53AE4}.Release|Any CPU.Build.0 = Release|Any CPU
	EndGlobalSection
	GlobalSection(SolutionProperties) = preSolution
		HideSolutionNode = FALSE
	EndGlobalSection
	GlobalSection(ExtensibilityGlobals) = postSolution
		SolutionGuid = {CE3BCE0C-6BDD-4052-A600-F879782598FE}
	EndGlobalSection
EndGlobal
